
Microsoft Visual Studio Solution File, Format Version 12.00
# Visual Studio 15
VisualStudioVersion = 15.0.27428.2015
MinimumVisualStudioVersion = 10.0.40219.1
Project("{FAE04EC0-301F-11D3-BF4B-00C04F79EFBC}") = "WpfApp1", "WpfApp1\WpfApp1.csproj", "{10D1022D-89D0-46D1-A6BD-CDA36B2F3EEE}"
EndProject
Global
	GlobalSection(SolutionConfigurationPlatforms) = preSolution
		Debug|Any CPU = Debug|Any CPU
		Release|Any CPU = Release|Any CPU
	EndGlobalSection
	GlobalSection(ProjectConfigurationPlatforms) = postSolution
		{10D1022D-89D0-46D1-A6BD-CDA36B2F3EEE}.Debug|Any CPU.ActiveCfg = Debug|Any CPU
		{10D1022D-89D0-46D1-A6BD-CDA36B2F3EEE}.Debug|Any CPU.Build.0 = Debug|Any CPU
		{10D1022D-89D0-46D1-A6BD-CDA36B2F3EEE}.Release|Any CPU.ActiveCfg = Release|Any CPU
		{10D1022D-89D0-46D1-A6BD-CDA36B2F3EEE}.Release|Any CPU.Build.0 = Release|Any CPU
	EndGlobalSection
	GlobalSection(SolutionProperties) = preSolution
		HideSolutionNode = FALSE
	EndGlobalSection
	GlobalSection(ExtensibilityGlobals) = postSolution
		SolutionGuid = {6FEA4FD2-C8E8-4B60-A125-C3427739D657}
	EndGlobalSection
EndGlobal
